
Microsoft Visual Studio Solution File, Format Version 12.00
# Visual Studio 15
Project("{FAE04EC0-301F-11D3-BF4B-00C04F79EFBC}") = "Assembly-CSharp", "Assembly-CSharp.csproj", "{B93A65F1-F837-6F6C-EDB7-B3029B3FCCAE}"
EndProject
Project("{2150E333-8FDC-42A3-9474-1A3956D46DE8}") = "Solution Items", "Solution Items", "{E39405AC-0D26-4CA0-897B-04D2A66B9411}"
	ProjectSection(SolutionItems) = preProject
		.editorconfig = .editorconfig
	EndProjectSection
EndProject
Global
	GlobalSection(SolutionConfigurationPlatforms) = preSolution
		Debug|Any CPU = Debug|Any CPU
		Release|Any CPU = Release|Any CPU
	EndGlobalSection
	GlobalSection(ProjectConfigurationPlatforms) = postSolution
		{B93A65F1-F837-6F6C-EDB7-B3029B3FCCAE}.Debug|Any CPU.ActiveCfg = Debug|Any CPU
		{B93A65F1-F837-6F6C-EDB7-B3029B3FCCAE}.Debug|Any CPU.Build.0 = Debug|Any CPU
		{B93A65F1-F837-6F6C-EDB7-B3029B3FCCAE}.Release|Any CPU.ActiveCfg = Release|Any CPU
		{B93A65F1-F837-6F6C-EDB7-B3029B3FCCAE}.Release|Any CPU.Build.0 = Release|Any CPU
	EndGlobalSection
	GlobalSection(SolutionProperties) = preSolution
		HideSolutionNode = FALSE
	EndGlobalSection
EndGlobal
